// !$*UTF8*$!
{
	archiveVersion = 1;
	classes = {
	};
	objectVersion = 46;
	objects = {

/* Begin PBXBuildFile section */
		C63184641D49B2C4009BD269 /* NSArray+EM.m in Sources */ = {isa = PBXBuildFile; fileRef = C63184631D49B2C4009BD269 /* NSArray+EM.m */; };
		C63184671D49D9D4009BD269 /* NSMutableArray+EM.m in Sources */ = {isa = PBXBuildFile; fileRef = C63184661D49D9D4009BD269 /* NSMutableArray+EM.m */; };
		C631846A1D49DA9F009BD269 /* NSMutableDictionary+EM.m in Sources */ = {isa = PBXBuildFile; fileRef = C63184691D49DA9F009BD269 /* NSMutableDictionary+EM.m */; };
		C63184701D49E2F2009BD269 /* UIButton+Swizzling.m in Sources */ = {isa = PBXBuildFile; fileRef = C631846F1D49E2F2009BD269 /* UIButton+Swizzling.m */; };
		C63184731D49E382009BD269 /* NSObject+Swizzling.m in Sources */ = {isa = PBXBuildFile; fileRef = C63184721D49E382009BD269 /* NSObject+Swizzling.m */; };
		C632D3ED1D23A13600847C57 /* InfoPlist.strings in Resources */ = {isa = PBXBuildFile; fileRef = C632D3EF1D23A13600847C57 /* InfoPlist.strings */; };
		C632D3F41D23B0FA00847C57 /* Localizable.strings in Resources */ = {isa = PBXBuildFile; fileRef = C632D3F61D23B0FA00847C57 /* Localizable.strings */; };
		C63654481D153BCF0015118A /* main.m in Sources */ = {isa = PBXBuildFile; fileRef = C63654471D153BCF0015118A /* main.m */; };
		C636544B1D153BCF0015118A /* AppDelegate.m in Sources */ = {isa = PBXBuildFile; fileRef = C636544A1D153BCF0015118A /* AppDelegate.m */; };
		C636544E1D153BCF0015118A /* ViewController.m in Sources */ = {isa = PBXBuildFile; fileRef = C636544D1D153BCF0015118A /* ViewController.m */; };
		C63654511D153BCF0015118A /* Main.storyboard in Resources */ = {isa = PBXBuildFile; fileRef = C636544F1D153BCF0015118A /* Main.storyboard */; };
		C63654531D153BCF0015118A /* Assets.xcassets in Resources */ = {isa = PBXBuildFile; fileRef = C63654521D153BCF0015118A /* Assets.xcassets */; };
		C63654561D153BCF0015118A /* LaunchScreen.storyboard in Resources */ = {isa = PBXBuildFile; fileRef = C63654541D153BCF0015118A /* LaunchScreen.storyboard */; };
		C63654611D153BCF0015118A /* testTests.m in Sources */ = {isa = PBXBuildFile; fileRef = C63654601D153BCF0015118A /* testTests.m */; };
		C636546C1D153BCF0015118A /* testUITests.m in Sources */ = {isa = PBXBuildFile; fileRef = C636546B1D153BCF0015118A /* testUITests.m */; };
		C63654871D153CB30015118A /* Foundation.framework in Frameworks */ = {isa = PBXBuildFile; fileRef = C63654861D153CB30015118A /* Foundation.framework */; };
		C63654891D153CBA0015118A /* UIKit.framework in Frameworks */ = {isa = PBXBuildFile; fileRef = C63654881D153CBA0015118A /* UIKit.framework */; };
		C636548B1D153CC20015118A /* CoreGraphics.framework in Frameworks */ = {isa = PBXBuildFile; fileRef = C636548A1D153CC20015118A /* CoreGraphics.framework */; };
		C69EFEE51D2B6C4300FD1AEF /* noselect.png in Resources */ = {isa = PBXBuildFile; fileRef = C69EFEE11D2B6C4300FD1AEF /* noselect.png */; };
		C69EFEE61D2B6C4300FD1AEF /* noselect@2x.png in Resources */ = {isa = PBXBuildFile; fileRef = C69EFEE21D2B6C4300FD1AEF /* noselect@2x.png */; };
		C69EFEE71D2B6C4300FD1AEF /* select.png in Resources */ = {isa = PBXBuildFile; fileRef = C69EFEE31D2B6C4300FD1AEF /* select.png */; };
		C69EFEE81D2B6C4300FD1AEF /* select@2x.png in Resources */ = {isa = PBXBuildFile; fileRef = C69EFEE41D2B6C4300FD1AEF /* select@2x.png */; };
		C6F7F4521D4B047A0040123D /* TestBlockViewController.m in Sources */ = {isa = PBXBuildFile; fileRef = C6F7F4511D4B047A0040123D /* TestBlockViewController.m */; };
/* End PBXBuildFile section */

/* Begin PBXContainerItemProxy section */
		C636545D1D153BCF0015118A /* PBXContainerItemProxy */ = {
			isa = PBXContainerItemProxy;
			containerPortal = C636543B1D153BCF0015118A /* Project object */;
			proxyType = 1;
			remoteGlobalIDString = C63654421D153BCF0015118A;
			remoteInfo = test;
		};
		C63654681D153BCF0015118A /* PBXContainerItemProxy */ = {
			isa = PBXContainerItemProxy;
			containerPortal = C636543B1D153BCF0015118A /* Project object */;
			proxyType = 1;
			remoteGlobalIDString = C63654421D153BCF0015118A;
			remoteInfo = test;
		};
/* End PBXContainerItemProxy section */

/* Begin PBXFileReference section */
		C63184621D49B2C4009BD269 /* NSArray+EM.h */ = {isa = PBXFileReference; fileEncoding = 4; lastKnownFileType = sourcecode.c.h; path = "NSArray+EM.h"; sourceTree = "<group>"; };
		C63184631D49B2C4009BD269 /* NSArray+EM.m */ = {isa = PBXFileReference; fileEncoding = 4; lastKnownFileType = sourcecode.c.objc; path = "NSArray+EM.m"; sourceTree = "<group>"; };
		C63184651D49D9D4009BD269 /* NSMutableArray+EM.h */ = {isa = PBXFileReference; fileEncoding = 4; lastKnownFileType = sourcecode.c.h; path = "NSMutableArray+EM.h"; sourceTree = "<group>"; };
		C63184661D49D9D4009BD269 /* NSMutableArray+EM.m */ = {isa = PBXFileReference; fileEncoding = 4; lastKnownFileType = sourcecode.c.objc; path = "NSMutableArray+EM.m"; sourceTree = "<group>"; };
		C63184681D49DA9F009BD269 /* NSMutableDictionary+EM.h */ = {isa = PBXFileReference; fileEncoding = 4; lastKnownFileType = sourcecode.c.h; path = "NSMutableDictionary+EM.h"; sourceTree = "<group>"; };
		C63184691D49DA9F009BD269 /* NSMutableDictionary+EM.m */ = {isa = PBXFileReference; fileEncoding = 4; lastKnownFileType = sourcecode.c.objc; path = "NSMutableDictionary+EM.m"; sourceTree = "<group>"; };
		C631846E1D49E2F2009BD269 /* UIButton+Swizzling.h */ = {isa = PBXFileReference; fileEncoding = 4; lastKnownFileType = sourcecode.c.h; path = "UIButton+Swizzling.h"; sourceTree = "<group>"; };
		C631846F1D49E2F2009BD269 /* UIButton+Swizzling.m */ = {isa = PBXFileReference; fileEncoding = 4; lastKnownFileType = sourcecode.c.objc; path = "UIButton+Swizzling.m"; sourceTree = "<group>"; };
		C63184711D49E382009BD269 /* NSObject+Swizzling.h */ = {isa = PBXFileReference; fileEncoding = 4; lastKnownFileType = sourcecode.c.h; path = "NSObject+Swizzling.h"; sourceTree = "<group>"; };
		C63184721D49E382009BD269 /* NSObject+Swizzling.m */ = {isa = PBXFileReference; fileEncoding = 4; lastKnownFileType = sourcecode.c.objc; path = "NSObject+Swizzling.m"; sourceTree = "<group>"; };
		C632D3E71D23A0A600847C57 /* zh-Hans */ = {isa = PBXFileReference; lastKnownFileType = text.plist.strings; name = "zh-Hans"; path = "zh-Hans.lproj/Main.strings"; sourceTree = "<group>"; };
		C632D3E81D23A0A600847C57 /* zh-Hans */ = {isa = PBXFileReference; lastKnownFileType = text.plist.strings; name = "zh-Hans"; path = "zh-Hans.lproj/LaunchScreen.strings"; sourceTree = "<group>"; };
		C632D3E91D23A0BB00847C57 /* zh-Hant */ = {isa = PBXFileReference; lastKnownFileType = text.plist.strings; name = "zh-Hant"; path = "zh-Hant.lproj/Main.strings"; sourceTree = "<group>"; };
		C632D3EA1D23A0BB00847C57 /* zh-Hant */ = {isa = PBXFileReference; lastKnownFileType = text.plist.strings; name = "zh-Hant"; path = "zh-Hant.lproj/LaunchScreen.strings"; sourceTree = "<group>"; };
		C632D3EE1D23A13600847C57 /* zh-Hans */ = {isa = PBXFileReference; lastKnownFileType = text.plist.strings; name = "zh-Hans"; path = "zh-Hans.lproj/InfoPlist.strings"; sourceTree = "<group>"; };
		C632D3F01D23A15900847C57 /* en */ = {isa = PBXFileReference; lastKnownFileType = text.plist.strings; name = en; path = en.lproj/InfoPlist.strings; sourceTree = "<group>"; };
		C632D3F11D23A15A00847C57 /* zh-Hant */ = {isa = PBXFileReference; lastKnownFileType = text.plist.strings; name = "zh-Hant"; path = "zh-Hant.lproj/InfoPlist.strings"; sourceTree = "<group>"; };
		C632D3F51D23B0FA00847C57 /* zh-Hans */ = {isa = PBXFileReference; lastKnownFileType = text.plist.strings; name = "zh-Hans"; path = "zh-Hans.lproj/Localizable.strings"; sourceTree = "<group>"; };
		C632D3F71D23B0FC00847C57 /* en */ = {isa = PBXFileReference; lastKnownFileType = text.plist.strings; name = en; path = en.lproj/Localizable.strings; sourceTree = "<group>"; };
		C632D3F81D23B0FD00847C57 /* zh-Hant */ = {isa = PBXFileReference; lastKnownFileType = text.plist.strings; name = "zh-Hant"; path = "zh-Hant.lproj/Localizable.strings"; sourceTree = "<group>"; };
		C632D3FA1D23B56300847C57 /* en */ = {isa = PBXFileReference; lastKnownFileType = text.plist.strings; name = en; path = en.lproj/Main.strings; sourceTree = "<group>"; };
		C63654431D153BCF0015118A /* test.app */ = {isa = PBXFileReference; explicitFileType = wrapper.application; includeInIndex = 0; path = test.app; sourceTree = BUILT_PRODUCTS_DIR; };
		C63654471D153BCF0015118A /* main.m */ = {isa = PBXFileReference; lastKnownFileType = sourcecode.c.objc; path = main.m; sourceTree = "<group>"; };
		C63654491D153BCF0015118A /* AppDelegate.h */ = {isa = PBXFileReference; lastKnownFileType = sourcecode.c.h; path = AppDelegate.h; sourceTree = "<group>"; };
		C636544A1D153BCF0015118A /* AppDelegate.m */ = {isa = PBXFileReference; lastKnownFileType = sourcecode.c.objc; path = AppDelegate.m; sourceTree = "<group>"; };
		C636544C1D153BCF0015118A /* ViewController.h */ = {isa = PBXFileReference; lastKnownFileType = sourcecode.c.h; path = ViewController.h; sourceTree = "<group>"; };
		C636544D1D153BCF0015118A /* ViewController.m */ = {isa = PBXFileReference; lastKnownFileType = sourcecode.c.objc; path = ViewController.m; sourceTree = "<group>"; };
		C63654501D153BCF0015118A /* Base */ = {isa = PBXFileReference; lastKnownFileType = file.storyboard; name = Base; path = Base.lproj/Main.storyboard; sourceTree = "<group>"; };
		C63654521D153BCF0015118A /* Assets.xcassets */ = {isa = PBXFileReference; lastKnownFileType = folder.assetcatalog; path = Assets.xcassets; sourceTree = "<group>"; };
		C63654551D153BCF0015118A /* Base */ = {isa = PBXFileReference; lastKnownFileType = file.storyboard; name = Base; path = Base.lproj/LaunchScreen.storyboard; sourceTree = "<group>"; };
		C63654571D153BCF0015118A /* Info.plist */ = {isa = PBXFileReference; lastKnownFileType = text.plist.xml; path = Info.plist; sourceTree = "<group>"; };
		C636545C1D153BCF0015118A /* testTests.xctest */ = {isa = PBXFileReference; explicitFileType = wrapper.cfbundle; includeInIndex = 0; path = testTests.xctest; sourceTree = BUILT_PRODUCTS_DIR; };
		C63654601D153BCF0015118A /* testTests.m */ = {isa = PBXFileReference; lastKnownFileType = sourcecode.c.objc; path = testTests.m; sourceTree = "<group>"; };
		C63654621D153BCF0015118A /* Info.plist */ = {isa = PBXFileReference; lastKnownFileType = text.plist.xml; path = Info.plist; sourceTree = "<group>"; };
		C63654671D153BCF0015118A /* testUITests.xctest */ = {isa = PBXFileReference; explicitFileType = wrapper.cfbundle; includeInIndex = 0; path = testUITests.xctest; sourceTree = BUILT_PRODUCTS_DIR; };
		C636546B1D153BCF0015118A /* testUITests.m */ = {isa = PBXFileReference; lastKnownFileType = sourcecode.c.objc; path = testUITests.m; sourceTree = "<group>"; };
		C636546D1D153BCF0015118A /* Info.plist */ = {isa = PBXFileReference; lastKnownFileType = text.plist.xml; path = Info.plist; sourceTree = "<group>"; };
		C63654861D153CB30015118A /* Foundation.framework */ = {isa = PBXFileReference; lastKnownFileType = wrapper.framework; name = Foundation.framework; path = System/Library/Frameworks/Foundation.framework; sourceTree = SDKROOT; };
		C63654881D153CBA0015118A /* UIKit.framework */ = {isa = PBXFileReference; lastKnownFileType = wrapper.framework; name = UIKit.framework; path = System/Library/Frameworks/UIKit.framework; sourceTree = SDKROOT; };
		C636548A1D153CC20015118A /* CoreGraphics.framework */ = {isa = PBXFileReference; lastKnownFileType = wrapper.framework; name = CoreGraphics.framework; path = System/Library/Frameworks/CoreGraphics.framework; sourceTree = SDKROOT; };
		C69EFEE11D2B6C4300FD1AEF /* noselect.png */ = {isa = PBXFileReference; lastKnownFileType = image.png; path = noselect.png; sourceTree = "<group>"; };
		C69EFEE21D2B6C4300FD1AEF /* noselect@2x.png */ = {isa = PBXFileReference; lastKnownFileType = image.png; path = "noselect@2x.png"; sourceTree = "<group>"; };
		C69EFEE31D2B6C4300FD1AEF /* select.png */ = {isa = PBXFileReference; lastKnownFileType = image.png; path = select.png; sourceTree = "<group>"; };
		C69EFEE41D2B6C4300FD1AEF /* select@2x.png */ = {isa = PBXFileReference; lastKnownFileType = image.png; path = "select@2x.png"; sourceTree = "<group>"; };
		C6F7F4501D4B047A0040123D /* TestBlockViewController.h */ = {isa = PBXFileReference; fileEncoding = 4; lastKnownFileType = sourcecode.c.h; path = TestBlockViewController.h; sourceTree = "<group>"; };
		C6F7F4511D4B047A0040123D /* TestBlockViewController.m */ = {isa = PBXFileReference; fileEncoding = 4; lastKnownFileType = sourcecode.c.objc; path = TestBlockViewController.m; sourceTree = "<group>"; };
/* End PBXFileReference section */

/* Begin PBXFrameworksBuildPhase section */
		C63654401D153BCF0015118A /* Frameworks */ = {
			isa = PBXFrameworksBuildPhase;
			buildActionMask = 2147483647;
			files = (
				C636548B1D153CC20015118A /* CoreGraphics.framework in Frameworks */,
				C63654891D153CBA0015118A /* UIKit.framework in Frameworks */,
				C63654871D153CB30015118A /* Foundation.framework in Frameworks */,
			);
			runOnlyForDeploymentPostprocessing = 0;
		};
		C63654591D153BCF0015118A /* Frameworks */ = {
			isa = PBXFrameworksBuildPhase;
			buildActionMask = 2147483647;
			files = (
			);
			runOnlyForDeploymentPostprocessing = 0;
		};
		C63654641D153BCF0015118A /* Frameworks */ = {
			isa = PBXFrameworksBuildPhase;
			buildActionMask = 2147483647;
			files = (
			);
			runOnlyForDeploymentPostprocessing = 0;
		};
/* End PBXFrameworksBuildPhase section */

/* Begin PBXGroup section */
		C636543A1D153BCF0015118A = {
			isa = PBXGroup;
			children = (
				C632D3EF1D23A13600847C57 /* InfoPlist.strings */,
				C632D3F61D23B0FA00847C57 /* Localizable.strings */,
				C636548A1D153CC20015118A /* CoreGraphics.framework */,
				C63654881D153CBA0015118A /* UIKit.framework */,
				C63654861D153CB30015118A /* Foundation.framework */,
				C63654451D153BCF0015118A /* test */,
				C636545F1D153BCF0015118A /* testTests */,
				C636546A1D153BCF0015118A /* testUITests */,
				C63654441D153BCF0015118A /* Products */,
			);
			sourceTree = "<group>";
		};
		C63654441D153BCF0015118A /* Products */ = {
			isa = PBXGroup;
			children = (
				C63654431D153BCF0015118A /* test.app */,
				C636545C1D153BCF0015118A /* testTests.xctest */,
				C63654671D153BCF0015118A /* testUITests.xctest */,
			);
			name = Products;
			sourceTree = "<group>";
		};
		C63654451D153BCF0015118A /* test */ = {
			isa = PBXGroup;
			children = (
				C63654491D153BCF0015118A /* AppDelegate.h */,
				C636544A1D153BCF0015118A /* AppDelegate.m */,
				C636544C1D153BCF0015118A /* ViewController.h */,
				C636544D1D153BCF0015118A /* ViewController.m */,
				C6F7F4501D4B047A0040123D /* TestBlockViewController.h */,
				C6F7F4511D4B047A0040123D /* TestBlockViewController.m */,
				C636544F1D153BCF0015118A /* Main.storyboard */,
				C63654521D153BCF0015118A /* Assets.xcassets */,
				C63654541D153BCF0015118A /* LaunchScreen.storyboard */,
				C63654571D153BCF0015118A /* Info.plist */,
				C69EFEE11D2B6C4300FD1AEF /* noselect.png */,
				C69EFEE21D2B6C4300FD1AEF /* noselect@2x.png */,
				C69EFEE31D2B6C4300FD1AEF /* select.png */,
				C69EFEE41D2B6C4300FD1AEF /* select@2x.png */,
				C63654461D153BCF0015118A /* Supporting Files */,
				C63184621D49B2C4009BD269 /* NSArray+EM.h */,
				C63184631D49B2C4009BD269 /* NSArray+EM.m */,
				C63184651D49D9D4009BD269 /* NSMutableArray+EM.h */,
				C63184661D49D9D4009BD269 /* NSMutableArray+EM.m */,
				C63184681D49DA9F009BD269 /* NSMutableDictionary+EM.h */,
				C63184691D49DA9F009BD269 /* NSMutableDictionary+EM.m */,
				C631846E1D49E2F2009BD269 /* UIButton+Swizzling.h */,
				C631846F1D49E2F2009BD269 /* UIButton+Swizzling.m */,
				C63184711D49E382009BD269 /* NSObject+Swizzling.h */,
				C63184721D49E382009BD269 /* NSObject+Swizzling.m */,
			);
			path = test;
			sourceTree = "<group>";
		};
		C63654461D153BCF0015118A /* Supporting Files */ = {
			isa = PBXGroup;
			children = (
				C63654471D153BCF0015118A /* main.m */,
			);
			name = "Supporting Files";
			sourceTree = "<group>";
		};
		C636545F1D153BCF0015118A /* testTests */ = {
			isa = PBXGroup;
			children = (
				C63654601D153BCF0015118A /* testTests.m */,
				C63654621D153BCF0015118A /* Info.plist */,
			);
			path = testTests;
			sourceTree = "<group>";
		};
		C636546A1D153BCF0015118A /* testUITests */ = {
			isa = PBXGroup;
			children = (
				C636546B1D153BCF0015118A /* testUITests.m */,
				C636546D1D153BCF0015118A /* Info.plist */,
			);
			path = testUITests;
			sourceTree = "<group>";
		};
/* End PBXGroup section */

/* Begin PBXNativeTarget section */
		C63654421D153BCF0015118A /* test */ = {
			isa = PBXNativeTarget;
			buildConfigurationList = C63654701D153BCF0015118A /* Build configuration list for PBXNativeTarget "test" */;
			buildPhases = (
				C636543F1D153BCF0015118A /* Sources */,
				C63654401D153BCF0015118A /* Frameworks */,
				C63654411D153BCF0015118A /* Resources */,
			);
			buildRules = (
			);
			dependencies = (
			);
			name = test;
			productName = test;
			productReference = C63654431D153BCF0015118A /* test.app */;
			productType = "com.apple.product-type.application";
		};
		C636545B1D153BCF0015118A /* testTests */ = {
			isa = PBXNativeTarget;
			buildConfigurationList = C63654731D153BCF0015118A /* Build configuration list for PBXNativeTarget "testTests" */;
			buildPhases = (
				C63654581D153BCF0015118A /* Sources */,
				C63654591D153BCF0015118A /* Frameworks */,
				C636545A1D153BCF0015118A /* Resources */,
			);
			buildRules = (
			);
			dependencies = (
				C636545E1D153BCF0015118A /* PBXTargetDependency */,
			);
			name = testTests;
			productName = testTests;
			productReference = C636545C1D153BCF0015118A /* testTests.xctest */;
			productType = "com.apple.product-type.bundle.unit-test";
		};
		C63654661D153BCF0015118A /* testUITests */ = {
			isa = PBXNativeTarget;
			buildConfigurationList = C63654761D153BCF0015118A /* Build configuration list for PBXNativeTarget "testUITests" */;
			buildPhases = (
				C63654631D153BCF0015118A /* Sources */,
				C63654641D153BCF0015118A /* Frameworks */,
				C63654651D153BCF0015118A /* Resources */,
			);
			buildRules = (
			);
			dependencies = (
				C63654691D153BCF0015118A /* PBXTargetDependency */,
			);
			name = testUITests;
			productName = testUITests;
			productReference = C63654671D153BCF0015118A /* testUITests.xctest */;
			productType = "com.apple.product-type.bundle.ui-testing";
		};
/* End PBXNativeTarget section */

/* Begin PBXProject section */
		C636543B1D153BCF0015118A /* Project object */ = {
			isa = PBXProject;
			attributes = {
				LastUpgradeCheck = 0720;
				ORGANIZATIONNAME = gfy;
				TargetAttributes = {
					C63654421D153BCF0015118A = {
						CreatedOnToolsVersion = 7.2.1;
						DevelopmentTeam = 9ZS47L6857;
					};
					C636545B1D153BCF0015118A = {
						CreatedOnToolsVersion = 7.2.1;
						TestTargetID = C63654421D153BCF0015118A;
					};
					C63654661D153BCF0015118A = {
						CreatedOnToolsVersion = 7.2.1;
						TestTargetID = C63654421D153BCF0015118A;
					};
				};
			};
			buildConfigurationList = C636543E1D153BCF0015118A /* Build configuration list for PBXProject "test" */;
			compatibilityVersion = "Xcode 3.2";
			developmentRegion = English;
			hasScannedForEncodings = 0;
			knownRegions = (
				en,
				Base,
				"zh-Hant",
			);
			mainGroup = C636543A1D153BCF0015118A;
			productRefGroup = C63654441D153BCF0015118A /* Products */;
			projectDirPath = "";
			projectRoot = "";
			targets = (
				C63654421D153BCF0015118A /* test */,
				C636545B1D153BCF0015118A /* testTests */,
				C63654661D153BCF0015118A /* testUITests */,
			);
		};
/* End PBXProject section */

/* Begin PBXResourcesBuildPhase section */
		C63654411D153BCF0015118A /* Resources */ = {
			isa = PBXResourcesBuildPhase;
			buildActionMask = 2147483647;
			files = (
				C632D3ED1D23A13600847C57 /* InfoPlist.strings in Resources */,
				C63654561D153BCF0015118A /* LaunchScreen.storyboard in Resources */,
				C69EFEE81D2B6C4300FD1AEF /* select@2x.png in Resources */,
				C63654531D153BCF0015118A /* Assets.xcassets in Resources */,
				C63654511D153BCF0015118A /* Main.storyboard in Resources */,
				C69EFEE71D2B6C4300FD1AEF /* select.png in Resources */,
				C632D3F41D23B0FA00847C57 /* Localizable.strings in Resources */,
				C69EFEE51D2B6C4300FD1AEF /* noselect.png in Resources */,
				C69EFEE61D2B6C4300FD1AEF /* noselect@2x.png in Resources */,
			);
			runOnlyForDeploymentPostprocessing = 0;
		};
		C636545A1D153BCF0015118A /* Resources */ = {
			isa = PBXResourcesBuildPhase;
			buildActionMask = 2147483647;
			files = (
			);
			runOnlyForDeploymentPostprocessing = 0;
		};
		C63654651D153BCF0015118A /* Resources */ = {
			isa = PBXResourcesBuildPhase;
			buildActionMask = 2147483647;
			files = (
			);
			runOnlyForDeploymentPostprocessing = 0;
		};
/* End PBXResourcesBuildPhase section */

/* Begin PBXSourcesBuildPhase section */
		C636543F1D153BCF0015118A /* Sources */ = {
			isa = PBXSourcesBuildPhase;
			buildActionMask = 2147483647;
			files = (
				C636544E1D153BCF0015118A /* ViewController.m in Sources */,
				C636544B1D153BCF0015118A /* AppDelegate.m in Sources */,
				C63184701D49E2F2009BD269 /* UIButton+Swizzling.m in Sources */,
				C6F7F4521D4B047A0040123D /* TestBlockViewController.m in Sources */,
				C63184671D49D9D4009BD269 /* NSMutableArray+EM.m in Sources */,
				C63654481D153BCF0015118A /* main.m in Sources */,
				C63184731D49E382009BD269 /* NSObject+Swizzling.m in Sources */,
				C631846A1D49DA9F009BD269 /* NSMutableDictionary+EM.m in Sources */,
				C63184641D49B2C4009BD269 /* NSArray+EM.m in Sources */,
			);
			runOnlyForDeploymentPostprocessing = 0;
		};
		C63654581D153BCF0015118A /* Sources */ = {
			isa = PBXSourcesBuildPhase;
			buildActionMask = 2147483647;
			files = (
				C63654611D153BCF0015118A /* testTests.m in Sources */,
			);
			runOnlyForDeploymentPostprocessing = 0;
		};
		C63654631D153BCF0015118A /* Sources */ = {
			isa = PBXSourcesBuildPhase;
			buildActionMask = 2147483647;
			files = (
				C636546C1D153BCF0015118A /* testUITests.m in Sources */,
			);
			runOnlyForDeploymentPostprocessing = 0;
		};
/* End PBXSourcesBuildPhase section */

/* Begin PBXTargetDependency section */
		C636545E1D153BCF0015118A /* PBXTargetDependency */ = {
			isa = PBXTargetDependency;
			target = C63654421D153BCF0015118A /* test */;
			targetProxy = C636545D1D153BCF0015118A /* PBXContainerItemProxy */;
		};
		C63654691D153BCF0015118A /* PBXTargetDependency */ = {
			isa = PBXTargetDependency;
			target = C63654421D153BCF0015118A /* test */;
			targetProxy = C63654681D153BCF0015118A /* PBXContainerItemProxy */;
		};
/* End PBXTargetDependency section */

/* Begin PBXVariantGroup section */
		C632D3EF1D23A13600847C57 /* InfoPlist.strings */ = {
			isa = PBXVariantGroup;
			children = (
				C632D3EE1D23A13600847C57 /* zh-Hans */,
				C632D3F01D23A15900847C57 /* en */,
				C632D3F11D23A15A00847C57 /* zh-Hant */,
			);
			name = InfoPlist.strings;
			sourceTree = "<group>";
		};
		C632D3F61D23B0FA00847C57 /* Localizable.strings */ = {
			isa = PBXVariantGroup;
			children = (
				C632D3F51D23B0FA00847C57 /* zh-Hans */,
				C632D3F71D23B0FC00847C57 /* en */,
				C632D3F81D23B0FD00847C57 /* zh-Hant */,
			);
			name = Localizable.strings;
			sourceTree = "<group>";
		};
		C636544F1D153BCF0015118A /* Main.storyboard */ = {
			isa = PBXVariantGroup;
			children = (
				C63654501D153BCF0015118A /* Base */,
				C632D3E71D23A0A600847C57 /* zh-Hans */,
				C632D3E91D23A0BB00847C57 /* zh-Hant */,
				C632D3FA1D23B56300847C57 /* en */,
			);
			name = Main.storyboard;
			sourceTree = "<group>";
		};
		C63654541D153BCF0015118A /* LaunchScreen.storyboard */ = {
			isa = PBXVariantGroup;
			children = (
				C63654551D153BCF0015118A /* Base */,
				C632D3E81D23A0A600847C57 /* zh-Hans */,
				C632D3EA1D23A0BB00847C57 /* zh-Hant */,
			);
			name = LaunchScreen.storyboard;
			sourceTree = "<group>";
		};
/* End PBXVariantGroup section */

/* Begin XCBuildConfiguration section */
		C636546E1D153BCF0015118A /* Debug */ = {
			isa = XCBuildConfiguration;
			buildSettings = {
				ALWAYS_SEARCH_USER_PATHS = NO;
				CLANG_CXX_LANGUAGE_STANDARD = "gnu++0x";
				CLANG_CXX_LIBRARY = "libc++";
				CLANG_ENABLE_MODULES = YES;
				CLANG_ENABLE_OBJC_ARC = YES;
				CLANG_WARN_BOOL_CONVERSION = YES;
				CLANG_WARN_CONSTANT_CONVERSION = YES;
				CLANG_WARN_DIRECT_OBJC_ISA_USAGE = YES_ERROR;
				CLANG_WARN_EMPTY_BODY = YES;
				CLANG_WARN_ENUM_CONVERSION = YES;
				CLANG_WARN_INT_CONVERSION = YES;
				CLANG_WARN_OBJC_ROOT_CLASS = YES_ERROR;
				CLANG_WARN_UNREACHABLE_CODE = YES;
				CLANG_WARN__DUPLICATE_METHOD_MATCH = YES;
				"CODE_SIGN_IDENTITY[sdk=iphoneos*]" = "iPhone Developer";
				COPY_PHASE_STRIP = NO;
				DEBUG_INFORMATION_FORMAT = dwarf;
				ENABLE_STRICT_OBJC_MSGSEND = YES;
				ENABLE_TESTABILITY = YES;
				GCC_C_LANGUAGE_STANDARD = gnu99;
				GCC_DYNAMIC_NO_PIC = NO;
				GCC_NO_COMMON_BLOCKS = YES;
				GCC_OPTIMIZATION_LEVEL = 0;
				GCC_PREPROCESSOR_DEFINITIONS = (
					"DEBUG=1",
					"$(inherited)",
				);
				GCC_WARN_64_TO_32_BIT_CONVERSION = YES;
				GCC_WARN_ABOUT_RETURN_TYPE = YES_ERROR;
				GCC_WARN_UNDECLARED_SELECTOR = YES;
				GCC_WARN_UNINITIALIZED_AUTOS = YES_AGGRESSIVE;
				GCC_WARN_UNUSED_FUNCTION = YES;
				GCC_WARN_UNUSED_VARIABLE = YES;
				IPHONEOS_DEPLOYMENT_TARGET = 9.2;
				MTL_ENABLE_DEBUG_INFO = YES;
				ONLY_ACTIVE_ARCH = YES;
				SDKROOT = iphoneos;
				TARGETED_DEVICE_FAMILY = 2;
			};
			name = Debug;
		};
		C636546F1D153BCF0015118A /* Release */ = {
			isa = XCBuildConfiguration;
			buildSettings = {
				ALWAYS_SEARCH_USER_PATHS = NO;
				CLANG_CXX_LANGUAGE_STANDARD = "gnu++0x";
				CLANG_CXX_LIBRARY = "libc++";
				CLANG_ENABLE_MODULES = YES;
				CLANG_ENABLE_OBJC_ARC = YES;
				CLANG_WARN_BOOL_CONVERSION = YES;
				CLANG_WARN_CONSTANT_CONVERSION = YES;
				CLANG_WARN_DIRECT_OBJC_ISA_USAGE = YES_ERROR;
				CLANG_WARN_EMPTY_BODY = YES;
				CLANG_WARN_ENUM_CONVERSION = YES;
				CLANG_WARN_INT_CONVERSION = YES;
				CLANG_WARN_OBJC_ROOT_CLASS = YES_ERROR;
				CLANG_WARN_UNREACHABLE_CODE = YES;
				CLANG_WARN__DUPLICATE_METHOD_MATCH = YES;
				"CODE_SIGN_IDENTITY[sdk=iphoneos*]" = "iPhone Developer";
				COPY_PHASE_STRIP = NO;
				DEBUG_INFORMATION_FORMAT = "dwarf-with-dsym";
				ENABLE_NS_ASSERTIONS = NO;
				ENABLE_STRICT_OBJC_MSGSEND = YES;
				GCC_C_LANGUAGE_STANDARD = gnu99;
				GCC_NO_COMMON_BLOCKS = YES;
				GCC_WARN_64_TO_32_BIT_CONVERSION = YES;
				GCC_WARN_ABOUT_RETURN_TYPE = YES_ERROR;
				GCC_WARN_UNDECLARED_SELECTOR = YES;
				GCC_WARN_UNINITIALIZED_AUTOS = YES_AGGRESSIVE;
				GCC_WARN_UNUSED_FUNCTION = YES;
				GCC_WARN_UNUSED_VARIABLE = YES;
				IPHONEOS_DEPLOYMENT_TARGET = 9.2;
				MTL_ENABLE_DEBUG_INFO = NO;
				SDKROOT = iphoneos;
				TARGETED_DEVICE_FAMILY = 2;
				VALIDATE_PRODUCT = YES;
			};
			name = Release;
		};
		C63654711D153BCF0015118A /* Debug */ = {
			isa = XCBuildConfiguration;
			buildSettings = {
				ASSETCATALOG_COMPILER_APPICON_NAME = AppIcon;
				CODE_SIGN_IDENTITY = "iPhone Developer";
				FRAMEWORK_SEARCH_PATHS = (
					"$(inherited)",
					"$(PROJECT_DIR)/libs",
				);
				INFOPLIST_FILE = test/Info.plist;
				IPHONEOS_DEPLOYMENT_TARGET = 8.1;
				LD_RUNPATH_SEARCH_PATHS = "$(inherited) @executable_path/Frameworks";
				LIBRARY_SEARCH_PATHS = (
					"$(inherited)",
					"$(PROJECT_DIR)/libs",
				);
				PRODUCT_BUNDLE_IDENTIFIER = com.zhikang11.ipad;
				PRODUCT_NAME = "$(TARGET_NAME)";
				TARGETED_DEVICE_FAMILY = "1,2";
			};
			name = Debug;
		};
		C63654721D153BCF0015118A /* Release */ = {
			isa = XCBuildConfiguration;
			buildSettings = {
				ASSETCATALOG_COMPILER_APPICON_NAME = AppIcon;
				CODE_SIGN_IDENTITY = "iPhone Developer";
				FRAMEWORK_SEARCH_PATHS = (
					"$(inherited)",
					"$(PROJECT_DIR)/libs",
				);
				INFOPLIST_FILE = test/Info.plist;
				IPHONEOS_DEPLOYMENT_TARGET = 8.1;
				LD_RUNPATH_SEARCH_PATHS = "$(inherited) @executable_path/Frameworks";
				LIBRARY_SEARCH_PATHS = (
					"$(inherited)",
					"$(PROJECT_DIR)/libs",
				);
				PRODUCT_BUNDLE_IDENTIFIER = com.zhikang11.ipad;
				PRODUCT_NAME = "$(TARGET_NAME)";
				TARGETED_DEVICE_FAMILY = "1,2";
			};
			name = Release;
		};
		C63654741D153BCF0015118A /* Debug */ = {
			isa = XCBuildConfiguration;
			buildSettings = {
				BUNDLE_LOADER = "$(TEST_HOST)";
				INFOPLIST_FILE = testTests/Info.plist;
				LD_RUNPATH_SEARCH_PATHS = "$(inherited) @executable_path/Frameworks @loader_path/Frameworks";
				PRODUCT_BUNDLE_IDENTIFIER = zk.testTests;
				PRODUCT_NAME = "$(TARGET_NAME)";
				TEST_HOST = "$(BUILT_PRODUCTS_DIR)/test.app/test";
			};
			name = Debug;
		};
		C63654751D153BCF0015118A /* Release */ = {
			isa = XCBuildConfiguration;
			buildSettings = {
				BUNDLE_LOADER = "$(TEST_HOST)";
				INFOPLIST_FILE = testTests/Info.plist;
				LD_RUNPATH_SEARCH_PATHS = "$(inherited) @executable_path/Frameworks @loader_path/Frameworks";
				PRODUCT_BUNDLE_IDENTIFIER = zk.testTests;
				PRODUCT_NAME = "$(TARGET_NAME)";
				TEST_HOST = "$(BUILT_PRODUCTS_DIR)/test.app/test";
			};
			name = Release;
		};
		C63654771D153BCF0015118A /* Debug */ = {
			isa = XCBuildConfiguration;
			buildSettings = {
				INFOPLIST_FILE = testUITests/Info.plist;
				LD_RUNPATH_SEARCH_PATHS = "$(inherited) @executable_path/Frameworks @loader_path/Frameworks";
				PRODUCT_BUNDLE_IDENTIFIER = zk.testUITests;
				PRODUCT_NAME = "$(TARGET_NAME)";
				TEST_TARGET_NAME = test;
				USES_XCTRUNNER = YES;
			};
			name = Debug;
		};
		C63654781D153BCF0015118A /* Release */ = {
			isa = XCBuildConfiguration;
			buildSettings = {
				INFOPLIST_FILE = testUITests/Info.plist;
				LD_RUNPATH_SEARCH_PATHS = "$(inherited) @executable_path/Frameworks @loader_path/Frameworks";
				PRODUCT_BUNDLE_IDENTIFIER = zk.testUITests;
				PRODUCT_NAME = "$(TARGET_NAME)";
				TEST_TARGET_NAME = test;
				USES_XCTRUNNER = YES;
			};
			name = Release;
		};
/* End XCBuildConfiguration section */

/* Begin XCConfigurationList section */
		C636543E1D153BCF0015118A /* Build configuration list for PBXProject "test" */ = {
			isa = XCConfigurationList;
			buildConfigurations = (
				C636546E1D153BCF0015118A /* Debug */,
				C636546F1D153BCF0015118A /* Release */,
			);
			defaultConfigurationIsVisible = 0;
			defaultConfigurationName = Release;
		};
		C63654701D153BCF0015118A /* Build configuration list for PBXNativeTarget "test" */ = {
			isa = XCConfigurationList;
			buildConfigurations = (
				C63654711D153BCF0015118A /* Debug */,
				C63654721D153BCF0015118A /* Release */,
			);
			defaultConfigurationIsVisible = 0;
			defaultConfigurationName = Release;
		};
		C63654731D153BCF0015118A /* Build configuration list for PBXNativeTarget "testTests" */ = {
			isa = XCConfigurationList;
			buildConfigurations = (
				C63654741D153BCF0015118A /* Debug */,
				C63654751D153BCF0015118A /* Release */,
			);
			defaultConfigurationIsVisible = 0;
			defaultConfigurationName = Release;
		};
		C63654761D153BCF0015118A /* Build configuration list for PBXNativeTarget "testUITests" */ = {
			isa = XCConfigurationList;
			buildConfigurations = (
				C63654771D153BCF0015118A /* Debug */,
				C63654781D153BCF0015118A /* Release */,
			);
			defaultConfigurationIsVisible = 0;
			defaultConfigurationName = Release;
		};
/* End XCConfigurationList section */
	};
	rootObject = C636543B1D153BCF0015118A /* Project object */;
}
